
Microsoft Visual Studio Solution File, Format Version 12.00
# Visual Studio 15
Project("{FAE04EC0-301F-11D3-BF4B-00C04F79EFBC}") = "Assembly-CSharp", "Assembly-CSharp.csproj", "{55B4456A-B4B5-F6D0-6C13-E5C5C547198A}"
EndProject
Project("{FAE04EC0-301F-11D3-BF4B-00C04F79EFBC}") = "Assembly-CSharp-Editor", "Assembly-CSharp-Editor.csproj", "{6E3C0F88-0AF6-CF24-B64F-7D2E35F5276D}"
EndProject
Global
	GlobalSection(SolutionConfigurationPlatforms) = preSolution
		Debug|Any CPU = Debug|Any CPU
		Release|Any CPU = Release|Any CPU
	EndGlobalSection
	GlobalSection(ProjectConfigurationPlatforms) = postSolution
		{55B4456A-B4B5-F6D0-6C13-E5C5C547198A}.Debug|Any CPU.ActiveCfg = Debug|Any CPU
		{55B4456A-B4B5-F6D0-6C13-E5C5C547198A}.Debug|Any CPU.Build.0 = Debug|Any CPU
		{55B4456A-B4B5-F6D0-6C13-E5C5C547198A}.Release|Any CPU.ActiveCfg = Release|Any CPU
		{55B4456A-B4B5-F6D0-6C13-E5C5C547198A}.Release|Any CPU.Build.0 = Release|Any CPU
		{6E3C0F88-0AF6-CF24-B64F-7D2E35F5276D}.Debug|Any CPU.ActiveCfg = Debug|Any CPU
		{6E3C0F88-0AF6-CF24-B64F-7D2E35F5276D}.Debug|Any CPU.Build.0 = Debug|Any CPU
		{6E3C0F88-0AF6-CF24-B64F-7D2E35F5276D}.Release|Any CPU.ActiveCfg = Release|Any CPU
		{6E3C0F88-0AF6-CF24-B64F-7D2E35F5276D}.Release|Any CPU.Build.0 = Release|Any CPU
	EndGlobalSection
	GlobalSection(SolutionProperties) = preSolution
		HideSolutionNode = FALSE
	EndGlobalSection
EndGlobal
