
Microsoft Visual Studio Solution File, Format Version 12.00
# Visual Studio 15
Project("{FAE04EC0-301F-11D3-BF4B-00C04F79EFBC}") = "Assembly-CSharp", "Assembly-CSharp.csproj", "{550D427D-339B-755C-0D4B-D5A6E6BB6550}"
EndProject
Project("{FAE04EC0-301F-11D3-BF4B-00C04F79EFBC}") = "Assembly-CSharp-Editor", "Assembly-CSharp-Editor.csproj", "{1E350A35-9D2D-ECB6-E9A0-9FD629378015}"
EndProject
Global
	GlobalSection(SolutionConfigurationPlatforms) = preSolution
		Debug|Any CPU = Debug|Any CPU
		Release|Any CPU = Release|Any CPU
	EndGlobalSection
	GlobalSection(ProjectConfigurationPlatforms) = postSolution
		{550D427D-339B-755C-0D4B-D5A6E6BB6550}.Debug|Any CPU.ActiveCfg = Debug|Any CPU
		{550D427D-339B-755C-0D4B-D5A6E6BB6550}.Debug|Any CPU.Build.0 = Debug|Any CPU
		{550D427D-339B-755C-0D4B-D5A6E6BB6550}.Release|Any CPU.ActiveCfg = Release|Any CPU
		{550D427D-339B-755C-0D4B-D5A6E6BB6550}.Release|Any CPU.Build.0 = Release|Any CPU
		{1E350A35-9D2D-ECB6-E9A0-9FD629378015}.Debug|Any CPU.ActiveCfg = Debug|Any CPU
		{1E350A35-9D2D-ECB6-E9A0-9FD629378015}.Debug|Any CPU.Build.0 = Debug|Any CPU
		{1E350A35-9D2D-ECB6-E9A0-9FD629378015}.Release|Any CPU.ActiveCfg = Release|Any CPU
		{1E350A35-9D2D-ECB6-E9A0-9FD629378015}.Release|Any CPU.Build.0 = Release|Any CPU
	EndGlobalSection
	GlobalSection(SolutionProperties) = preSolution
		HideSolutionNode = FALSE
	EndGlobalSection
EndGlobal
