
Microsoft Visual Studio Solution File, Format Version 12.00
# Visual Studio 15
Project("{FAE04EC0-301F-11D3-BF4B-00C04F79EFBC}") = "Assembly-CSharp", "Assembly-CSharp.csproj", "{96482C2E-9E0B-3DD4-6BD7-9FC37DB6C06C}"
EndProject
Project("{FAE04EC0-301F-11D3-BF4B-00C04F79EFBC}") = "Assembly-CSharp-Editor", "Assembly-CSharp-Editor.csproj", "{74EF7273-9860-609C-9E79-7F89CC10475C}"
EndProject
Global
	GlobalSection(SolutionConfigurationPlatforms) = preSolution
		Debug|Any CPU = Debug|Any CPU
		Release|Any CPU = Release|Any CPU
	EndGlobalSection
	GlobalSection(ProjectConfigurationPlatforms) = postSolution
		{96482C2E-9E0B-3DD4-6BD7-9FC37DB6C06C}.Debug|Any CPU.ActiveCfg = Debug|Any CPU
		{96482C2E-9E0B-3DD4-6BD7-9FC37DB6C06C}.Debug|Any CPU.Build.0 = Debug|Any CPU
		{96482C2E-9E0B-3DD4-6BD7-9FC37DB6C06C}.Release|Any CPU.ActiveCfg = Release|Any CPU
		{96482C2E-9E0B-3DD4-6BD7-9FC37DB6C06C}.Release|Any CPU.Build.0 = Release|Any CPU
		{74EF7273-9860-609C-9E79-7F89CC10475C}.Debug|Any CPU.ActiveCfg = Debug|Any CPU
		{74EF7273-9860-609C-9E79-7F89CC10475C}.Debug|Any CPU.Build.0 = Debug|Any CPU
		{74EF7273-9860-609C-9E79-7F89CC10475C}.Release|Any CPU.ActiveCfg = Release|Any CPU
		{74EF7273-9860-609C-9E79-7F89CC10475C}.Release|Any CPU.Build.0 = Release|Any CPU
	EndGlobalSection
	GlobalSection(SolutionProperties) = preSolution
		HideSolutionNode = FALSE
	EndGlobalSection
EndGlobal
